// !$*UTF8*$!
{
	archiveVersion = 1;
	classes = {
	};
	objectVersion = 56;
	objects = {

/* Begin PBXBuildFile section */
		58DF7C252C30313C00603763 /* voiceMemoApp.swift in Sources */ = {isa = PBXBuildFile; fileRef = 58DF7C242C30313C00603763 /* voiceMemoApp.swift */; };
		58DF7C272C30313C00603763 /* ContentView.swift in Sources */ = {isa = PBXBuildFile; fileRef = 58DF7C262C30313C00603763 /* ContentView.swift */; };
		58DF7C292C30313D00603763 /* Assets.xcassets in Resources */ = {isa = PBXBuildFile; fileRef = 58DF7C282C30313D00603763 /* Assets.xcassets */; };
		58DF7C2C2C30313D00603763 /* Preview Assets.xcassets in Resources */ = {isa = PBXBuildFile; fileRef = 58DF7C2B2C30313D00603763 /* Preview Assets.xcassets */; };
		58DF7C362C30313E00603763 /* voiceMemoTests.swift in Sources */ = {isa = PBXBuildFile; fileRef = 58DF7C352C30313E00603763 /* voiceMemoTests.swift */; };
		58DF7C402C30313E00603763 /* voiceMemoUITests.swift in Sources */ = {isa = PBXBuildFile; fileRef = 58DF7C3F2C30313E00603763 /* voiceMemoUITests.swift */; };
		58DF7C422C30313E00603763 /* voiceMemoUITestsLaunchTests.swift in Sources */ = {isa = PBXBuildFile; fileRef = 58DF7C412C30313E00603763 /* voiceMemoUITestsLaunchTests.swift */; };
		58DF7C502C3031AE00603763 /* AppDelegate.swift in Sources */ = {isa = PBXBuildFile; fileRef = 58DF7C4F2C3031AE00603763 /* AppDelegate.swift */; };
		58DF7C5A2C30329E00603763 /* Launch Screen.storyboard in Resources */ = {isa = PBXBuildFile; fileRef = 58DF7C592C30329E00603763 /* Launch Screen.storyboard */; };
		58DF7C5F2C30354000603763 /* OnboardingContent.swift in Sources */ = {isa = PBXBuildFile; fileRef = 58DF7C5E2C30354000603763 /* OnboardingContent.swift */; };
		58DF7C612C3035EE00603763 /* OnboardingViewModel.swift in Sources */ = {isa = PBXBuildFile; fileRef = 58DF7C602C3035EE00603763 /* OnboardingViewModel.swift */; };
		58EEF5572C3037E000C12C1E /* OnboardingView.swift in Sources */ = {isa = PBXBuildFile; fileRef = 58EEF5562C3037E000C12C1E /* OnboardingView.swift */; };
		58EEF55A2C31179D00C12C1E /* PathType.swift in Sources */ = {isa = PBXBuildFile; fileRef = 58EEF5592C31179D00C12C1E /* PathType.swift */; };
		58EEF55C2C3117C600C12C1E /* Path.swift in Sources */ = {isa = PBXBuildFile; fileRef = 58EEF55B2C3117C600C12C1E /* Path.swift */; };
		58EEF55E2C311A2300C12C1E /* HomeView.swift in Sources */ = {isa = PBXBuildFile; fileRef = 58EEF55D2C311A2300C12C1E /* HomeView.swift */; };
		58EEF5602C311A7600C12C1E /* Date+Extensions.swift in Sources */ = {isa = PBXBuildFile; fileRef = 58EEF55F2C311A7600C12C1E /* Date+Extensions.swift */; };
		58EEF5632C311BF800C12C1E /* NavigationBtnType.swift in Sources */ = {isa = PBXBuildFile; fileRef = 58EEF5622C311BF800C12C1E /* NavigationBtnType.swift */; };
		58EEF5652C311C3A00C12C1E /* CustomNavigationBar.swift in Sources */ = {isa = PBXBuildFile; fileRef = 58EEF5642C311C3A00C12C1E /* CustomNavigationBar.swift */; };
		58EEF5682C311EE100C12C1E /* Todo.swift in Sources */ = {isa = PBXBuildFile; fileRef = 58EEF5672C311EE100C12C1E /* Todo.swift */; };
		58EEF56C2C311FC500C12C1E /* TodoView.swift in Sources */ = {isa = PBXBuildFile; fileRef = 58EEF56B2C311FC500C12C1E /* TodoView.swift */; };
		58EEF56E2C311FE200C12C1E /* MemoView.swift in Sources */ = {isa = PBXBuildFile; fileRef = 58EEF56D2C311FE200C12C1E /* MemoView.swift */; };
		58EEF5712C31206100C12C1E /* TodoListViewModel.swift in Sources */ = {isa = PBXBuildFile; fileRef = 58EEF5702C31206100C12C1E /* TodoListViewModel.swift */; };
		58EEF5732C3126AF00C12C1E /* TodoListView.swift in Sources */ = {isa = PBXBuildFile; fileRef = 58EEF5722C3126AF00C12C1E /* TodoListView.swift */; };
		58EEF5752C313A2B00C12C1E /* TodoViewModel.swift in Sources */ = {isa = PBXBuildFile; fileRef = 58EEF5742C313A2B00C12C1E /* TodoViewModel.swift */; };
/* End PBXBuildFile section */

/* Begin PBXContainerItemProxy section */
		58DF7C322C30313E00603763 /* PBXContainerItemProxy */ = {
			isa = PBXContainerItemProxy;
			containerPortal = 58DF7C192C30313C00603763 /* Project object */;
			proxyType = 1;
			remoteGlobalIDString = 58DF7C202C30313C00603763;
			remoteInfo = voiceMemo;
		};
		58DF7C3C2C30313E00603763 /* PBXContainerItemProxy */ = {
			isa = PBXContainerItemProxy;
			containerPortal = 58DF7C192C30313C00603763 /* Project object */;
			proxyType = 1;
			remoteGlobalIDString = 58DF7C202C30313C00603763;
			remoteInfo = voiceMemo;
		};
/* End PBXContainerItemProxy section */

/* Begin PBXFileReference section */
		58DF7C212C30313C00603763 /* voiceMemo.app */ = {isa = PBXFileReference; explicitFileType = wrapper.application; includeInIndex = 0; path = voiceMemo.app; sourceTree = BUILT_PRODUCTS_DIR; };
		58DF7C242C30313C00603763 /* voiceMemoApp.swift */ = {isa = PBXFileReference; lastKnownFileType = sourcecode.swift; path = voiceMemoApp.swift; sourceTree = "<group>"; };
		58DF7C262C30313C00603763 /* ContentView.swift */ = {isa = PBXFileReference; lastKnownFileType = sourcecode.swift; path = ContentView.swift; sourceTree = "<group>"; };
		58DF7C282C30313D00603763 /* Assets.xcassets */ = {isa = PBXFileReference; lastKnownFileType = folder.assetcatalog; path = Assets.xcassets; sourceTree = "<group>"; };
		58DF7C2B2C30313D00603763 /* Preview Assets.xcassets */ = {isa = PBXFileReference; lastKnownFileType = folder.assetcatalog; path = "Preview Assets.xcassets"; sourceTree = "<group>"; };
		58DF7C312C30313E00603763 /* voiceMemoTests.xctest */ = {isa = PBXFileReference; explicitFileType = wrapper.cfbundle; includeInIndex = 0; path = voiceMemoTests.xctest; sourceTree = BUILT_PRODUCTS_DIR; };
		58DF7C352C30313E00603763 /* voiceMemoTests.swift */ = {isa = PBXFileReference; lastKnownFileType = sourcecode.swift; path = voiceMemoTests.swift; sourceTree = "<group>"; };
		58DF7C3B2C30313E00603763 /* voiceMemoUITests.xctest */ = {isa = PBXFileReference; explicitFileType = wrapper.cfbundle; includeInIndex = 0; path = voiceMemoUITests.xctest; sourceTree = BUILT_PRODUCTS_DIR; };
		58DF7C3F2C30313E00603763 /* voiceMemoUITests.swift */ = {isa = PBXFileReference; lastKnownFileType = sourcecode.swift; path = voiceMemoUITests.swift; sourceTree = "<group>"; };
		58DF7C412C30313E00603763 /* voiceMemoUITestsLaunchTests.swift */ = {isa = PBXFileReference; lastKnownFileType = sourcecode.swift; path = voiceMemoUITestsLaunchTests.swift; sourceTree = "<group>"; };
		58DF7C4F2C3031AE00603763 /* AppDelegate.swift */ = {isa = PBXFileReference; lastKnownFileType = sourcecode.swift; path = AppDelegate.swift; sourceTree = "<group>"; };
		58DF7C592C30329E00603763 /* Launch Screen.storyboard */ = {isa = PBXFileReference; lastKnownFileType = file.storyboard; path = "Launch Screen.storyboard"; sourceTree = "<group>"; };
		58DF7C5E2C30354000603763 /* OnboardingContent.swift */ = {isa = PBXFileReference; lastKnownFileType = sourcecode.swift; path = OnboardingContent.swift; sourceTree = "<group>"; };
		58DF7C602C3035EE00603763 /* OnboardingViewModel.swift */ = {isa = PBXFileReference; lastKnownFileType = sourcecode.swift; path = OnboardingViewModel.swift; sourceTree = "<group>"; };
		58EEF5562C3037E000C12C1E /* OnboardingView.swift */ = {isa = PBXFileReference; lastKnownFileType = sourcecode.swift; path = OnboardingView.swift; sourceTree = "<group>"; };
		58EEF5592C31179D00C12C1E /* PathType.swift */ = {isa = PBXFileReference; lastKnownFileType = sourcecode.swift; path = PathType.swift; sourceTree = "<group>"; };
		58EEF55B2C3117C600C12C1E /* Path.swift */ = {isa = PBXFileReference; lastKnownFileType = sourcecode.swift; path = Path.swift; sourceTree = "<group>"; };
		58EEF55D2C311A2300C12C1E /* HomeView.swift */ = {isa = PBXFileReference; lastKnownFileType = sourcecode.swift; path = HomeView.swift; sourceTree = "<group>"; };
		58EEF55F2C311A7600C12C1E /* Date+Extensions.swift */ = {isa = PBXFileReference; lastKnownFileType = sourcecode.swift; path = "Date+Extensions.swift"; sourceTree = "<group>"; };
		58EEF5622C311BF800C12C1E /* NavigationBtnType.swift */ = {isa = PBXFileReference; lastKnownFileType = sourcecode.swift; path = NavigationBtnType.swift; sourceTree = "<group>"; };
		58EEF5642C311C3A00C12C1E /* CustomNavigationBar.swift */ = {isa = PBXFileReference; lastKnownFileType = sourcecode.swift; path = CustomNavigationBar.swift; sourceTree = "<group>"; };
		58EEF5672C311EE100C12C1E /* Todo.swift */ = {isa = PBXFileReference; lastKnownFileType = sourcecode.swift; path = Todo.swift; sourceTree = "<group>"; };
		58EEF56B2C311FC500C12C1E /* TodoView.swift */ = {isa = PBXFileReference; lastKnownFileType = sourcecode.swift; path = TodoView.swift; sourceTree = "<group>"; };
		58EEF56D2C311FE200C12C1E /* MemoView.swift */ = {isa = PBXFileReference; lastKnownFileType = sourcecode.swift; path = MemoView.swift; sourceTree = "<group>"; };
		58EEF5702C31206100C12C1E /* TodoListViewModel.swift */ = {isa = PBXFileReference; lastKnownFileType = sourcecode.swift; path = TodoListViewModel.swift; sourceTree = "<group>"; };
		58EEF5722C3126AF00C12C1E /* TodoListView.swift */ = {isa = PBXFileReference; lastKnownFileType = sourcecode.swift; path = TodoListView.swift; sourceTree = "<group>"; };
		58EEF5742C313A2B00C12C1E /* TodoViewModel.swift */ = {isa = PBXFileReference; lastKnownFileType = sourcecode.swift; path = TodoViewModel.swift; sourceTree = "<group>"; };
/* End PBXFileReference section */

/* Begin PBXFrameworksBuildPhase section */
		58DF7C1E2C30313C00603763 /* Frameworks */ = {
			isa = PBXFrameworksBuildPhase;
			buildActionMask = 2147483647;
			files = (
			);
			runOnlyForDeploymentPostprocessing = 0;
		};
		58DF7C2E2C30313E00603763 /* Frameworks */ = {
			isa = PBXFrameworksBuildPhase;
			buildActionMask = 2147483647;
			files = (
			);
			runOnlyForDeploymentPostprocessing = 0;
		};
		58DF7C382C30313E00603763 /* Frameworks */ = {
			isa = PBXFrameworksBuildPhase;
			buildActionMask = 2147483647;
			files = (
			);
			runOnlyForDeploymentPostprocessing = 0;
		};
/* End PBXFrameworksBuildPhase section */

/* Begin PBXGroup section */
		58DF7C182C30313C00603763 = {
			isa = PBXGroup;
			children = (
				58DF7C232C30313C00603763 /* voiceMemo */,
				58DF7C342C30313E00603763 /* voiceMemoTests */,
				58DF7C3E2C30313E00603763 /* voiceMemoUITests */,
				58DF7C222C30313C00603763 /* Products */,
			);
			sourceTree = "<group>";
		};
		58DF7C222C30313C00603763 /* Products */ = {
			isa = PBXGroup;
			children = (
				58DF7C212C30313C00603763 /* voiceMemo.app */,
				58DF7C312C30313E00603763 /* voiceMemoTests.xctest */,
				58DF7C3B2C30313E00603763 /* voiceMemoUITests.xctest */,
			);
			name = Products;
			sourceTree = "<group>";
		};
		58DF7C232C30313C00603763 /* voiceMemo */ = {
			isa = PBXGroup;
			children = (
				58DF7C562C30320300603763 /* Model */,
				58DF7C552C3031FC00603763 /* Feature */,
				58DF7C542C3031F400603763 /* Component */,
				58DF7C512C3031B200603763 /* Core */,
				58DF7C4E2C30319900603763 /* App */,
				58DF7C242C30313C00603763 /* voiceMemoApp.swift */,
				58DF7C262C30313C00603763 /* ContentView.swift */,
				58DF7C282C30313D00603763 /* Assets.xcassets */,
				58DF7C2A2C30313D00603763 /* Preview Content */,
			);
			path = voiceMemo;
			sourceTree = "<group>";
		};
		58DF7C2A2C30313D00603763 /* Preview Content */ = {
			isa = PBXGroup;
			children = (
				58DF7C2B2C30313D00603763 /* Preview Assets.xcassets */,
			);
			path = "Preview Content";
			sourceTree = "<group>";
		};
		58DF7C342C30313E00603763 /* voiceMemoTests */ = {
			isa = PBXGroup;
			children = (
				58DF7C352C30313E00603763 /* voiceMemoTests.swift */,
			);
			path = voiceMemoTests;
			sourceTree = "<group>";
		};
		58DF7C3E2C30313E00603763 /* voiceMemoUITests */ = {
			isa = PBXGroup;
			children = (
				58DF7C3F2C30313E00603763 /* voiceMemoUITests.swift */,
				58DF7C412C30313E00603763 /* voiceMemoUITestsLaunchTests.swift */,
			);
			path = voiceMemoUITests;
			sourceTree = "<group>";
		};
		58DF7C4E2C30319900603763 /* App */ = {
			isa = PBXGroup;
			children = (
				58DF7C592C30329E00603763 /* Launch Screen.storyboard */,
				58DF7C4F2C3031AE00603763 /* AppDelegate.swift */,
			);
			path = App;
			sourceTree = "<group>";
		};
		58DF7C512C3031B200603763 /* Core */ = {
			isa = PBXGroup;
			children = (
				58DF7C532C3031D500603763 /* Extension */,
				58DF7C522C3031CE00603763 /* Service */,
			);
			path = Core;
			sourceTree = "<group>";
		};
		58DF7C522C3031CE00603763 /* Service */ = {
			isa = PBXGroup;
			children = (
			);
			path = Service;
			sourceTree = "<group>";
		};
		58DF7C532C3031D500603763 /* Extension */ = {
			isa = PBXGroup;
			children = (
				58EEF55F2C311A7600C12C1E /* Date+Extensions.swift */,
			);
			path = Extension;
			sourceTree = "<group>";
		};
		58DF7C542C3031F400603763 /* Component */ = {
			isa = PBXGroup;
			children = (
				58EEF5612C311BDB00C12C1E /* NavigationBar */,
			);
			path = Component;
			sourceTree = "<group>";
		};
		58DF7C552C3031FC00603763 /* Feature */ = {
			isa = PBXGroup;
			children = (
				58EEF56A2C311FB900C12C1E /* MemoList */,
				58EEF5692C311FB100C12C1E /* TodoList */,
				58DF7C582C30323200603763 /* Home */,
				58DF7C572C30322500603763 /* Onboarding */,
			);
			path = Feature;
			sourceTree = "<group>";
		};
		58DF7C562C30320300603763 /* Model */ = {
			isa = PBXGroup;
			children = (
				58EEF5662C311ED700C12C1E /* Todo */,
				58EEF5582C31179000C12C1E /* Path */,
				58DF7C5D2C30353000603763 /* Onboarding */,
			);
			path = Model;
			sourceTree = "<group>";
		};
		58DF7C572C30322500603763 /* Onboarding */ = {
			isa = PBXGroup;
			children = (
				58DF7C602C3035EE00603763 /* OnboardingViewModel.swift */,
				58EEF5562C3037E000C12C1E /* OnboardingView.swift */,
			);
			path = Onboarding;
			sourceTree = "<group>";
		};
		58DF7C582C30323200603763 /* Home */ = {
			isa = PBXGroup;
			children = (
				58EEF55D2C311A2300C12C1E /* HomeView.swift */,
			);
			path = Home;
			sourceTree = "<group>";
		};
		58DF7C5D2C30353000603763 /* Onboarding */ = {
			isa = PBXGroup;
			children = (
				58DF7C5E2C30354000603763 /* OnboardingContent.swift */,
			);
			path = Onboarding;
			sourceTree = "<group>";
		};
		58EEF5582C31179000C12C1E /* Path */ = {
			isa = PBXGroup;
			children = (
				58EEF5592C31179D00C12C1E /* PathType.swift */,
				58EEF55B2C3117C600C12C1E /* Path.swift */,
			);
			path = Path;
			sourceTree = "<group>";
		};
		58EEF5612C311BDB00C12C1E /* NavigationBar */ = {
			isa = PBXGroup;
			children = (
				58EEF5622C311BF800C12C1E /* NavigationBtnType.swift */,
				58EEF5642C311C3A00C12C1E /* CustomNavigationBar.swift */,
			);
			path = NavigationBar;
			sourceTree = "<group>";
		};
		58EEF5662C311ED700C12C1E /* Todo */ = {
			isa = PBXGroup;
			children = (
				58EEF5672C311EE100C12C1E /* Todo.swift */,
			);
			path = Todo;
			sourceTree = "<group>";
		};
		58EEF5692C311FB100C12C1E /* TodoList */ = {
			isa = PBXGroup;
			children = (
				58EEF56F2C31202F00C12C1E /* Todo */,
				58EEF5702C31206100C12C1E /* TodoListViewModel.swift */,
				58EEF5722C3126AF00C12C1E /* TodoListView.swift */,
			);
			path = TodoList;
			sourceTree = "<group>";
		};
		58EEF56A2C311FB900C12C1E /* MemoList */ = {
			isa = PBXGroup;
			children = (
				58EEF56D2C311FE200C12C1E /* MemoView.swift */,
			);
			path = MemoList;
			sourceTree = "<group>";
		};
		58EEF56F2C31202F00C12C1E /* Todo */ = {
			isa = PBXGroup;
			children = (
				58EEF56B2C311FC500C12C1E /* TodoView.swift */,
				58EEF5742C313A2B00C12C1E /* TodoViewModel.swift */,
			);
			path = Todo;
			sourceTree = "<group>";
		};
/* End PBXGroup section */

/* Begin PBXNativeTarget section */
		58DF7C202C30313C00603763 /* voiceMemo */ = {
			isa = PBXNativeTarget;
			buildConfigurationList = 58DF7C452C30313E00603763 /* Build configuration list for PBXNativeTarget "voiceMemo" */;
			buildPhases = (
				58DF7C1D2C30313C00603763 /* Sources */,
				58DF7C1E2C30313C00603763 /* Frameworks */,
				58DF7C1F2C30313C00603763 /* Resources */,
			);
			buildRules = (
			);
			dependencies = (
			);
			name = voiceMemo;
			productName = voiceMemo;
			productReference = 58DF7C212C30313C00603763 /* voiceMemo.app */;
			productType = "com.apple.product-type.application";
		};
		58DF7C302C30313E00603763 /* voiceMemoTests */ = {
			isa = PBXNativeTarget;
			buildConfigurationList = 58DF7C482C30313E00603763 /* Build configuration list for PBXNativeTarget "voiceMemoTests" */;
			buildPhases = (
				58DF7C2D2C30313E00603763 /* Sources */,
				58DF7C2E2C30313E00603763 /* Frameworks */,
				58DF7C2F2C30313E00603763 /* Resources */,
			);
			buildRules = (
			);
			dependencies = (
				58DF7C332C30313E00603763 /* PBXTargetDependency */,
			);
			name = voiceMemoTests;
			productName = voiceMemoTests;
			productReference = 58DF7C312C30313E00603763 /* voiceMemoTests.xctest */;
			productType = "com.apple.product-type.bundle.unit-test";
		};
		58DF7C3A2C30313E00603763 /* voiceMemoUITests */ = {
			isa = PBXNativeTarget;
			buildConfigurationList = 58DF7C4B2C30313E00603763 /* Build configuration list for PBXNativeTarget "voiceMemoUITests" */;
			buildPhases = (
				58DF7C372C30313E00603763 /* Sources */,
				58DF7C382C30313E00603763 /* Frameworks */,
				58DF7C392C30313E00603763 /* Resources */,
			);
			buildRules = (
			);
			dependencies = (
				58DF7C3D2C30313E00603763 /* PBXTargetDependency */,
			);
			name = voiceMemoUITests;
			productName = voiceMemoUITests;
			productReference = 58DF7C3B2C30313E00603763 /* voiceMemoUITests.xctest */;
			productType = "com.apple.product-type.bundle.ui-testing";
		};
/* End PBXNativeTarget section */

/* Begin PBXProject section */
		58DF7C192C30313C00603763 /* Project object */ = {
			isa = PBXProject;
			attributes = {
				BuildIndependentTargetsInParallel = 1;
				LastSwiftUpdateCheck = 1540;
				LastUpgradeCheck = 1540;
				TargetAttributes = {
					58DF7C202C30313C00603763 = {
						CreatedOnToolsVersion = 15.4;
					};
					58DF7C302C30313E00603763 = {
						CreatedOnToolsVersion = 15.4;
						TestTargetID = 58DF7C202C30313C00603763;
					};
					58DF7C3A2C30313E00603763 = {
						CreatedOnToolsVersion = 15.4;
						TestTargetID = 58DF7C202C30313C00603763;
					};
				};
			};
			buildConfigurationList = 58DF7C1C2C30313C00603763 /* Build configuration list for PBXProject "voiceMemo" */;
			compatibilityVersion = "Xcode 14.0";
			developmentRegion = en;
			hasScannedForEncodings = 0;
			knownRegions = (
				en,
				Base,
			);
			mainGroup = 58DF7C182C30313C00603763;
			productRefGroup = 58DF7C222C30313C00603763 /* Products */;
			projectDirPath = "";
			projectRoot = "";
			targets = (
				58DF7C202C30313C00603763 /* voiceMemo */,
				58DF7C302C30313E00603763 /* voiceMemoTests */,
				58DF7C3A2C30313E00603763 /* voiceMemoUITests */,
			);
		};
/* End PBXProject section */

/* Begin PBXResourcesBuildPhase section */
		58DF7C1F2C30313C00603763 /* Resources */ = {
			isa = PBXResourcesBuildPhase;
			buildActionMask = 2147483647;
			files = (
				58DF7C5A2C30329E00603763 /* Launch Screen.storyboard in Resources */,
				58DF7C2C2C30313D00603763 /* Preview Assets.xcassets in Resources */,
				58DF7C292C30313D00603763 /* Assets.xcassets in Resources */,
			);
			runOnlyForDeploymentPostprocessing = 0;
		};
		58DF7C2F2C30313E00603763 /* Resources */ = {
			isa = PBXResourcesBuildPhase;
			buildActionMask = 2147483647;
			files = (
			);
			runOnlyForDeploymentPostprocessing = 0;
		};
		58DF7C392C30313E00603763 /* Resources */ = {
			isa = PBXResourcesBuildPhase;
			buildActionMask = 2147483647;
			files = (
			);
			runOnlyForDeploymentPostprocessing = 0;
		};
/* End PBXResourcesBuildPhase section */

/* Begin PBXSourcesBuildPhase section */
		58DF7C1D2C30313C00603763 /* Sources */ = {
			isa = PBXSourcesBuildPhase;
			buildActionMask = 2147483647;
			files = (
				58EEF5752C313A2B00C12C1E /* TodoViewModel.swift in Sources */,
				58EEF5712C31206100C12C1E /* TodoListViewModel.swift in Sources */,
				58EEF5652C311C3A00C12C1E /* CustomNavigationBar.swift in Sources */,
				58EEF5632C311BF800C12C1E /* NavigationBtnType.swift in Sources */,
				58EEF56C2C311FC500C12C1E /* TodoView.swift in Sources */,
				58EEF55A2C31179D00C12C1E /* PathType.swift in Sources */,
				58EEF5602C311A7600C12C1E /* Date+Extensions.swift in Sources */,
				58DF7C502C3031AE00603763 /* AppDelegate.swift in Sources */,
				58EEF5732C3126AF00C12C1E /* TodoListView.swift in Sources */,
				58DF7C612C3035EE00603763 /* OnboardingViewModel.swift in Sources */,
				58EEF55E2C311A2300C12C1E /* HomeView.swift in Sources */,
				58DF7C5F2C30354000603763 /* OnboardingContent.swift in Sources */,
				58DF7C272C30313C00603763 /* ContentView.swift in Sources */,
				58EEF56E2C311FE200C12C1E /* MemoView.swift in Sources */,
				58DF7C252C30313C00603763 /* voiceMemoApp.swift in Sources */,
				58EEF55C2C3117C600C12C1E /* Path.swift in Sources */,
				58EEF5682C311EE100C12C1E /* Todo.swift in Sources */,
				58EEF5572C3037E000C12C1E /* OnboardingView.swift in Sources */,
			);
			runOnlyForDeploymentPostprocessing = 0;
		};
		58DF7C2D2C30313E00603763 /* Sources */ = {
			isa = PBXSourcesBuildPhase;
			buildActionMask = 2147483647;
			files = (
				58DF7C362C30313E00603763 /* voiceMemoTests.swift in Sources */,
			);
			runOnlyForDeploymentPostprocessing = 0;
		};
		58DF7C372C30313E00603763 /* Sources */ = {
			isa = PBXSourcesBuildPhase;
			buildActionMask = 2147483647;
			files = (
				58DF7C402C30313E00603763 /* voiceMemoUITests.swift in Sources */,
				58DF7C422C30313E00603763 /* voiceMemoUITestsLaunchTests.swift in Sources */,
			);
			runOnlyForDeploymentPostprocessing = 0;
		};
/* End PBXSourcesBuildPhase section */

/* Begin PBXTargetDependency section */
		58DF7C332C30313E00603763 /* PBXTargetDependency */ = {
			isa = PBXTargetDependency;
			target = 58DF7C202C30313C00603763 /* voiceMemo */;
			targetProxy = 58DF7C322C30313E00603763 /* PBXContainerItemProxy */;
		};
		58DF7C3D2C30313E00603763 /* PBXTargetDependency */ = {
			isa = PBXTargetDependency;
			target = 58DF7C202C30313C00603763 /* voiceMemo */;
			targetProxy = 58DF7C3C2C30313E00603763 /* PBXContainerItemProxy */;
		};
/* End PBXTargetDependency section */

/* Begin XCBuildConfiguration section */
		58DF7C432C30313E00603763 /* Debug */ = {
			isa = XCBuildConfiguration;
			buildSettings = {
				ALWAYS_SEARCH_USER_PATHS = NO;
				ASSETCATALOG_COMPILER_GENERATE_SWIFT_ASSET_SYMBOL_EXTENSIONS = YES;
				CLANG_ANALYZER_NONNULL = YES;
				CLANG_ANALYZER_NUMBER_OBJECT_CONVERSION = YES_AGGRESSIVE;
				CLANG_CXX_LANGUAGE_STANDARD = "gnu++20";
				CLANG_ENABLE_MODULES = YES;
				CLANG_ENABLE_OBJC_ARC = YES;
				CLANG_ENABLE_OBJC_WEAK = YES;
				CLANG_WARN_BLOCK_CAPTURE_AUTORELEASING = YES;
				CLANG_WARN_BOOL_CONVERSION = YES;
				CLANG_WARN_COMMA = YES;
				CLANG_WARN_CONSTANT_CONVERSION = YES;
				CLANG_WARN_DEPRECATED_OBJC_IMPLEMENTATIONS = YES;
				CLANG_WARN_DIRECT_OBJC_ISA_USAGE = YES_ERROR;
				CLANG_WARN_DOCUMENTATION_COMMENTS = YES;
				CLANG_WARN_EMPTY_BODY = YES;
				CLANG_WARN_ENUM_CONVERSION = YES;
				CLANG_WARN_INFINITE_RECURSION = YES;
				CLANG_WARN_INT_CONVERSION = YES;
				CLANG_WARN_NON_LITERAL_NULL_CONVERSION = YES;
				CLANG_WARN_OBJC_IMPLICIT_RETAIN_SELF = YES;
				CLANG_WARN_OBJC_LITERAL_CONVERSION = YES;
				CLANG_WARN_OBJC_ROOT_CLASS = YES_ERROR;
				CLANG_WARN_QUOTED_INCLUDE_IN_FRAMEWORK_HEADER = YES;
				CLANG_WARN_RANGE_LOOP_ANALYSIS = YES;
				CLANG_WARN_STRICT_PROTOTYPES = YES;
				CLANG_WARN_SUSPICIOUS_MOVE = YES;
				CLANG_WARN_UNGUARDED_AVAILABILITY = YES_AGGRESSIVE;
				CLANG_WARN_UNREACHABLE_CODE = YES;
				CLANG_WARN__DUPLICATE_METHOD_MATCH = YES;
				COPY_PHASE_STRIP = NO;
				DEBUG_INFORMATION_FORMAT = dwarf;
				ENABLE_STRICT_OBJC_MSGSEND = YES;
				ENABLE_TESTABILITY = YES;
				ENABLE_USER_SCRIPT_SANDBOXING = YES;
				GCC_C_LANGUAGE_STANDARD = gnu17;
				GCC_DYNAMIC_NO_PIC = NO;
				GCC_NO_COMMON_BLOCKS = YES;
				GCC_OPTIMIZATION_LEVEL = 0;
				GCC_PREPROCESSOR_DEFINITIONS = (
					"DEBUG=1",
					"$(inherited)",
				);
				GCC_WARN_64_TO_32_BIT_CONVERSION = YES;
				GCC_WARN_ABOUT_RETURN_TYPE = YES_ERROR;
				GCC_WARN_UNDECLARED_SELECTOR = YES;
				GCC_WARN_UNINITIALIZED_AUTOS = YES_AGGRESSIVE;
				GCC_WARN_UNUSED_FUNCTION = YES;
				GCC_WARN_UNUSED_VARIABLE = YES;
				IPHONEOS_DEPLOYMENT_TARGET = 17.5;
				LOCALIZATION_PREFERS_STRING_CATALOGS = YES;
				MTL_ENABLE_DEBUG_INFO = INCLUDE_SOURCE;
				MTL_FAST_MATH = YES;
				ONLY_ACTIVE_ARCH = YES;
				SDKROOT = iphoneos;
				SWIFT_ACTIVE_COMPILATION_CONDITIONS = "DEBUG $(inherited)";
				SWIFT_OPTIMIZATION_LEVEL = "-Onone";
			};
			name = Debug;
		};
		58DF7C442C30313E00603763 /* Release */ = {
			isa = XCBuildConfiguration;
			buildSettings = {
				ALWAYS_SEARCH_USER_PATHS = NO;
				ASSETCATALOG_COMPILER_GENERATE_SWIFT_ASSET_SYMBOL_EXTENSIONS = YES;
				CLANG_ANALYZER_NONNULL = YES;
				CLANG_ANALYZER_NUMBER_OBJECT_CONVERSION = YES_AGGRESSIVE;
				CLANG_CXX_LANGUAGE_STANDARD = "gnu++20";
				CLANG_ENABLE_MODULES = YES;
				CLANG_ENABLE_OBJC_ARC = YES;
				CLANG_ENABLE_OBJC_WEAK = YES;
				CLANG_WARN_BLOCK_CAPTURE_AUTORELEASING = YES;
				CLANG_WARN_BOOL_CONVERSION = YES;
				CLANG_WARN_COMMA = YES;
				CLANG_WARN_CONSTANT_CONVERSION = YES;
				CLANG_WARN_DEPRECATED_OBJC_IMPLEMENTATIONS = YES;
				CLANG_WARN_DIRECT_OBJC_ISA_USAGE = YES_ERROR;
				CLANG_WARN_DOCUMENTATION_COMMENTS = YES;
				CLANG_WARN_EMPTY_BODY = YES;
				CLANG_WARN_ENUM_CONVERSION = YES;
				CLANG_WARN_INFINITE_RECURSION = YES;
				CLANG_WARN_INT_CONVERSION = YES;
				CLANG_WARN_NON_LITERAL_NULL_CONVERSION = YES;
				CLANG_WARN_OBJC_IMPLICIT_RETAIN_SELF = YES;
				CLANG_WARN_OBJC_LITERAL_CONVERSION = YES;
				CLANG_WARN_OBJC_ROOT_CLASS = YES_ERROR;
				CLANG_WARN_QUOTED_INCLUDE_IN_FRAMEWORK_HEADER = YES;
				CLANG_WARN_RANGE_LOOP_ANALYSIS = YES;
				CLANG_WARN_STRICT_PROTOTYPES = YES;
				CLANG_WARN_SUSPICIOUS_MOVE = YES;
				CLANG_WARN_UNGUARDED_AVAILABILITY = YES_AGGRESSIVE;
				CLANG_WARN_UNREACHABLE_CODE = YES;
				CLANG_WARN__DUPLICATE_METHOD_MATCH = YES;
				COPY_PHASE_STRIP = NO;
				DEBUG_INFORMATION_FORMAT = "dwarf-with-dsym";
				ENABLE_NS_ASSERTIONS = NO;
				ENABLE_STRICT_OBJC_MSGSEND = YES;
				ENABLE_USER_SCRIPT_SANDBOXING = YES;
				GCC_C_LANGUAGE_STANDARD = gnu17;
				GCC_NO_COMMON_BLOCKS = YES;
				GCC_WARN_64_TO_32_BIT_CONVERSION = YES;
				GCC_WARN_ABOUT_RETURN_TYPE = YES_ERROR;
				GCC_WARN_UNDECLARED_SELECTOR = YES;
				GCC_WARN_UNINITIALIZED_AUTOS = YES_AGGRESSIVE;
				GCC_WARN_UNUSED_FUNCTION = YES;
				GCC_WARN_UNUSED_VARIABLE = YES;
				IPHONEOS_DEPLOYMENT_TARGET = 17.5;
				LOCALIZATION_PREFERS_STRING_CATALOGS = YES;
				MTL_ENABLE_DEBUG_INFO = NO;
				MTL_FAST_MATH = YES;
				SDKROOT = iphoneos;
				SWIFT_COMPILATION_MODE = wholemodule;
				VALIDATE_PRODUCT = YES;
			};
			name = Release;
		};
		58DF7C462C30313E00603763 /* Debug */ = {
			isa = XCBuildConfiguration;
			buildSettings = {
				ASSETCATALOG_COMPILER_APPICON_NAME = AppIcon;
				ASSETCATALOG_COMPILER_GLOBAL_ACCENT_COLOR_NAME = AccentColor;
				CODE_SIGN_STYLE = Automatic;
				CURRENT_PROJECT_VERSION = 1;
				DEVELOPMENT_ASSET_PATHS = "\"voiceMemo/Preview Content\"";
				DEVELOPMENT_TEAM = G62DUX396A;
				ENABLE_PREVIEWS = YES;
				GENERATE_INFOPLIST_FILE = YES;
				INFOPLIST_KEY_UIApplicationSceneManifest_Generation = YES;
				INFOPLIST_KEY_UIApplicationSupportsIndirectInputEvents = YES;
				INFOPLIST_KEY_UILaunchScreen_Generation = YES;
				INFOPLIST_KEY_UIStatusBarStyle = UIStatusBarStyleLightContent;
				INFOPLIST_KEY_UISupportedInterfaceOrientations = "UIInterfaceOrientationLandscapeLeft UIInterfaceOrientationLandscapeRight UIInterfaceOrientationPortrait";
				INFOPLIST_KEY_UISupportedInterfaceOrientations_iPad = UIInterfaceOrientationPortrait;
				LD_RUNPATH_SEARCH_PATHS = (
					"$(inherited)",
					"@executable_path/Frameworks",
				);
				MARKETING_VERSION = 1.0;
				PRODUCT_BUNDLE_IDENTIFIER = com.voiceMemo;
				PRODUCT_NAME = "$(TARGET_NAME)";
				SWIFT_EMIT_LOC_STRINGS = YES;
				SWIFT_VERSION = 5.0;
				TARGETED_DEVICE_FAMILY = "1,2";
			};
			name = Debug;
		};
		58DF7C472C30313E00603763 /* Release */ = {
			isa = XCBuildConfiguration;
			buildSettings = {
				ASSETCATALOG_COMPILER_APPICON_NAME = AppIcon;
				ASSETCATALOG_COMPILER_GLOBAL_ACCENT_COLOR_NAME = AccentColor;
				CODE_SIGN_STYLE = Automatic;
				CURRENT_PROJECT_VERSION = 1;
				DEVELOPMENT_ASSET_PATHS = "\"voiceMemo/Preview Content\"";
				DEVELOPMENT_TEAM = G62DUX396A;
				ENABLE_PREVIEWS = YES;
				GENERATE_INFOPLIST_FILE = YES;
				INFOPLIST_KEY_UIApplicationSceneManifest_Generation = YES;
				INFOPLIST_KEY_UIApplicationSupportsIndirectInputEvents = YES;
				INFOPLIST_KEY_UILaunchScreen_Generation = YES;
				INFOPLIST_KEY_UIStatusBarStyle = UIStatusBarStyleLightContent;
				INFOPLIST_KEY_UISupportedInterfaceOrientations = "UIInterfaceOrientationLandscapeLeft UIInterfaceOrientationLandscapeRight UIInterfaceOrientationPortrait";
				INFOPLIST_KEY_UISupportedInterfaceOrientations_iPad = UIInterfaceOrientationPortrait;
				LD_RUNPATH_SEARCH_PATHS = (
					"$(inherited)",
					"@executable_path/Frameworks",
				);
				MARKETING_VERSION = 1.0;
				PRODUCT_BUNDLE_IDENTIFIER = com.voiceMemo;
				PRODUCT_NAME = "$(TARGET_NAME)";
				SWIFT_EMIT_LOC_STRINGS = YES;
				SWIFT_VERSION = 5.0;
				TARGETED_DEVICE_FAMILY = "1,2";
			};
			name = Release;
		};
		58DF7C492C30313E00603763 /* Debug */ = {
			isa = XCBuildConfiguration;
			buildSettings = {
				ALWAYS_EMBED_SWIFT_STANDARD_LIBRARIES = YES;
				BUNDLE_LOADER = "$(TEST_HOST)";
				CODE_SIGN_STYLE = Automatic;
				CURRENT_PROJECT_VERSION = 1;
				DEVELOPMENT_TEAM = G62DUX396A;
				GENERATE_INFOPLIST_FILE = YES;
				IPHONEOS_DEPLOYMENT_TARGET = 17.5;
				MARKETING_VERSION = 1.0;
				PRODUCT_BUNDLE_IDENTIFIER = com.voiceMemoTests;
				PRODUCT_NAME = "$(TARGET_NAME)";
				SWIFT_EMIT_LOC_STRINGS = NO;
				SWIFT_VERSION = 5.0;
				TARGETED_DEVICE_FAMILY = "1,2";
				TEST_HOST = "$(BUILT_PRODUCTS_DIR)/voiceMemo.app/$(BUNDLE_EXECUTABLE_FOLDER_PATH)/voiceMemo";
			};
			name = Debug;
		};
		58DF7C4A2C30313E00603763 /* Release */ = {
			isa = XCBuildConfiguration;
			buildSettings = {
				ALWAYS_EMBED_SWIFT_STANDARD_LIBRARIES = YES;
				BUNDLE_LOADER = "$(TEST_HOST)";
				CODE_SIGN_STYLE = Automatic;
				CURRENT_PROJECT_VERSION = 1;
				DEVELOPMENT_TEAM = G62DUX396A;
				GENERATE_INFOPLIST_FILE = YES;
				IPHONEOS_DEPLOYMENT_TARGET = 17.5;
				MARKETING_VERSION = 1.0;
				PRODUCT_BUNDLE_IDENTIFIER = com.voiceMemoTests;
				PRODUCT_NAME = "$(TARGET_NAME)";
				SWIFT_EMIT_LOC_STRINGS = NO;
				SWIFT_VERSION = 5.0;
				TARGETED_DEVICE_FAMILY = "1,2";
				TEST_HOST = "$(BUILT_PRODUCTS_DIR)/voiceMemo.app/$(BUNDLE_EXECUTABLE_FOLDER_PATH)/voiceMemo";
			};
			name = Release;
		};
		58DF7C4C2C30313E00603763 /* Debug */ = {
			isa = XCBuildConfiguration;
			buildSettings = {
				ALWAYS_EMBED_SWIFT_STANDARD_LIBRARIES = YES;
				CODE_SIGN_STYLE = Automatic;
				CURRENT_PROJECT_VERSION = 1;
				DEVELOPMENT_TEAM = G62DUX396A;
				GENERATE_INFOPLIST_FILE = YES;
				MARKETING_VERSION = 1.0;
				PRODUCT_BUNDLE_IDENTIFIER = com.voiceMemoUITests;
				PRODUCT_NAME = "$(TARGET_NAME)";
				SWIFT_EMIT_LOC_STRINGS = NO;
				SWIFT_VERSION = 5.0;
				TARGETED_DEVICE_FAMILY = "1,2";
				TEST_TARGET_NAME = voiceMemo;
			};
			name = Debug;
		};
		58DF7C4D2C30313E00603763 /* Release */ = {
			isa = XCBuildConfiguration;
			buildSettings = {
				ALWAYS_EMBED_SWIFT_STANDARD_LIBRARIES = YES;
				CODE_SIGN_STYLE = Automatic;
				CURRENT_PROJECT_VERSION = 1;
				DEVELOPMENT_TEAM = G62DUX396A;
				GENERATE_INFOPLIST_FILE = YES;
				MARKETING_VERSION = 1.0;
				PRODUCT_BUNDLE_IDENTIFIER = com.voiceMemoUITests;
				PRODUCT_NAME = "$(TARGET_NAME)";
				SWIFT_EMIT_LOC_STRINGS = NO;
				SWIFT_VERSION = 5.0;
				TARGETED_DEVICE_FAMILY = "1,2";
				TEST_TARGET_NAME = voiceMemo;
			};
			name = Release;
		};
/* End XCBuildConfiguration section */

/* Begin XCConfigurationList section */
		58DF7C1C2C30313C00603763 /* Build configuration list for PBXProject "voiceMemo" */ = {
			isa = XCConfigurationList;
			buildConfigurations = (
				58DF7C432C30313E00603763 /* Debug */,
				58DF7C442C30313E00603763 /* Release */,
			);
			defaultConfigurationIsVisible = 0;
			defaultConfigurationName = Release;
		};
		58DF7C452C30313E00603763 /* Build configuration list for PBXNativeTarget "voiceMemo" */ = {
			isa = XCConfigurationList;
			buildConfigurations = (
				58DF7C462C30313E00603763 /* Debug */,
				58DF7C472C30313E00603763 /* Release */,
			);
			defaultConfigurationIsVisible = 0;
			defaultConfigurationName = Release;
		};
		58DF7C482C30313E00603763 /* Build configuration list for PBXNativeTarget "voiceMemoTests" */ = {
			isa = XCConfigurationList;
			buildConfigurations = (
				58DF7C492C30313E00603763 /* Debug */,
				58DF7C4A2C30313E00603763 /* Release */,
			);
			defaultConfigurationIsVisible = 0;
			defaultConfigurationName = Release;
		};
		58DF7C4B2C30313E00603763 /* Build configuration list for PBXNativeTarget "voiceMemoUITests" */ = {
			isa = XCConfigurationList;
			buildConfigurations = (
				58DF7C4C2C30313E00603763 /* Debug */,
				58DF7C4D2C30313E00603763 /* Release */,
			);
			defaultConfigurationIsVisible = 0;
			defaultConfigurationName = Release;
		};
/* End XCConfigurationList section */
	};
	rootObject = 58DF7C192C30313C00603763 /* Project object */;
}
